
Microsoft Visual Studio Solution File, Format Version 12.00
# Visual Studio 15
VisualStudioVersion = 15.0.28307.168
MinimumVisualStudioVersion = 10.0.40219.1
Project("{FAE04EC0-301F-11D3-BF4B-00C04F79EFBC}") = "GitTest", "GitTest\GitTest.csproj", "{3AF857E3-BA53-4B76-A8D7-B644F589E23D}"
EndProject
Global
	GlobalSection(SolutionConfigurationPlatforms) = preSolution
		Debug|Any CPU = Debug|Any CPU
		Release|Any CPU = Release|Any CPU
	EndGlobalSection
	GlobalSection(ProjectConfigurationPlatforms) = postSolution
		{3AF857E3-BA53-4B76-A8D7-B644F589E23D}.Debug|Any CPU.ActiveCfg = Debug|Any CPU
		{3AF857E3-BA53-4B76-A8D7-B644F589E23D}.Debug|Any CPU.Build.0 = Debug|Any CPU
		{3AF857E3-BA53-4B76-A8D7-B644F589E23D}.Release|Any CPU.ActiveCfg = Release|Any CPU
		{3AF857E3-BA53-4B76-A8D7-B644F589E23D}.Release|Any CPU.Build.0 = Release|Any CPU
	EndGlobalSection
	GlobalSection(SolutionProperties) = preSolution
		HideSolutionNode = FALSE
	EndGlobalSection
	GlobalSection(ExtensibilityGlobals) = postSolution
		SolutionGuid = {67B2A0E3-3F1E-4683-ACBE-F95262920D17}
	EndGlobalSection
EndGlobal
